// !$*UTF8*$!
{
	archiveVersion = 1;
	classes = {
	};
	objectVersion = 50;
	objects = {

/* Begin PBXBuildFile section */
		7E1C8FCE2492BF9200BDD008 /* AppDelegate.swift in Sources */ = {isa = PBXBuildFile; fileRef = 7E1C8FCD2492BF9200BDD008 /* AppDelegate.swift */; };
		7E1C8FD02492BF9200BDD008 /* SceneDelegate.swift in Sources */ = {isa = PBXBuildFile; fileRef = 7E1C8FCF2492BF9200BDD008 /* SceneDelegate.swift */; };
		7E1C8FD22492BF9200BDD008 /* EmojiArtDocumentView.swift in Sources */ = {isa = PBXBuildFile; fileRef = 7E1C8FD12492BF9200BDD008 /* EmojiArtDocumentView.swift */; };
		7E1C8FD42492BF9700BDD008 /* Assets.xcassets in Resources */ = {isa = PBXBuildFile; fileRef = 7E1C8FD32492BF9700BDD008 /* Assets.xcassets */; };
		7E1C8FD72492BF9700BDD008 /* Preview Assets.xcassets in Resources */ = {isa = PBXBuildFile; fileRef = 7E1C8FD62492BF9700BDD008 /* Preview Assets.xcassets */; };
		7E1C8FDA2492BF9700BDD008 /* LaunchScreen.storyboard in Resources */ = {isa = PBXBuildFile; fileRef = 7E1C8FD82492BF9700BDD008 /* LaunchScreen.storyboard */; };
		7E1C8FE22492C1C100BDD008 /* EmojiArtDocument.swift in Sources */ = {isa = PBXBuildFile; fileRef = 7E1C8FE12492C1C100BDD008 /* EmojiArtDocument.swift */; };
		7E1C8FE42492C79400BDD008 /* EmojiArt.swift in Sources */ = {isa = PBXBuildFile; fileRef = 7E1C8FE32492C79400BDD008 /* EmojiArt.swift */; };
		7E1C8FE62492CA8E00BDD008 /* EmojiArtExtensions.swift in Sources */ = {isa = PBXBuildFile; fileRef = 7E1C8FE52492CA8E00BDD008 /* EmojiArtExtensions.swift */; };
		7E7492EC249693FB00570C78 /* OptionalImage.swift in Sources */ = {isa = PBXBuildFile; fileRef = 7E7492EB249693FB00570C78 /* OptionalImage.swift */; };
		7E7492EE249696A800570C78 /* AnimatableSystemFontModifier.swift in Sources */ = {isa = PBXBuildFile; fileRef = 7E7492ED249696A800570C78 /* AnimatableSystemFontModifier.swift */; };
		7E9F25C924A53FD5000B17FB /* EditableText.swift in Sources */ = {isa = PBXBuildFile; fileRef = 7E9F25C824A53FD5000B17FB /* EditableText.swift */; };
		7EC369DC24A3F1AD00659785 /* Spinning.swift in Sources */ = {isa = PBXBuildFile; fileRef = 7EC369DB24A3F1AD00659785 /* Spinning.swift */; };
		7EC369DE24A3F69000659785 /* PaletteChooser.swift in Sources */ = {isa = PBXBuildFile; fileRef = 7EC369DD24A3F69000659785 /* PaletteChooser.swift */; };
		7EC369E024A3F81500659785 /* EmojiArtDocument+Palette.swift in Sources */ = {isa = PBXBuildFile; fileRef = 7EC369DF24A3F81500659785 /* EmojiArtDocument+Palette.swift */; };
		7ED4271424A4EAC50055559C /* GridLayout.swift in Sources */ = {isa = PBXBuildFile; fileRef = 7ED4271224A4EAC50055559C /* GridLayout.swift */; };
		7ED4271524A4EAC50055559C /* Grid.swift in Sources */ = {isa = PBXBuildFile; fileRef = 7ED4271324A4EAC50055559C /* Grid.swift */; };
		7ED4271724A4EEF50055559C /* EmojiArtDocumentStore.swift in Sources */ = {isa = PBXBuildFile; fileRef = 7ED4271624A4EEF50055559C /* EmojiArtDocumentStore.swift */; };
		7ED4271924A4F4C90055559C /* EmojiArtDocumentChooser.swift in Sources */ = {isa = PBXBuildFile; fileRef = 7ED4271824A4F4C90055559C /* EmojiArtDocumentChooser.swift */; };
/* End PBXBuildFile section */

/* Begin PBXFileReference section */
		7E1C8FCA2492BF9200BDD008 /* Emoji Art.app */ = {isa = PBXFileReference; explicitFileType = wrapper.application; includeInIndex = 0; path = "Emoji Art.app"; sourceTree = BUILT_PRODUCTS_DIR; };
		7E1C8FCD2492BF9200BDD008 /* AppDelegate.swift */ = {isa = PBXFileReference; lastKnownFileType = sourcecode.swift; path = AppDelegate.swift; sourceTree = "<group>"; };
		7E1C8FCF2492BF9200BDD008 /* SceneDelegate.swift */ = {isa = PBXFileReference; lastKnownFileType = sourcecode.swift; path = SceneDelegate.swift; sourceTree = "<group>"; };
		7E1C8FD12492BF9200BDD008 /* EmojiArtDocumentView.swift */ = {isa = PBXFileReference; lastKnownFileType = sourcecode.swift; path = EmojiArtDocumentView.swift; sourceTree = "<group>"; };
		7E1C8FD32492BF9700BDD008 /* Assets.xcassets */ = {isa = PBXFileReference; lastKnownFileType = folder.assetcatalog; path = Assets.xcassets; sourceTree = "<group>"; };
		7E1C8FD62492BF9700BDD008 /* Preview Assets.xcassets */ = {isa = PBXFileReference; lastKnownFileType = folder.assetcatalog; path = "Preview Assets.xcassets"; sourceTree = "<group>"; };
		7E1C8FD92492BF9700BDD008 /* Base */ = {isa = PBXFileReference; lastKnownFileType = file.storyboard; name = Base; path = Base.lproj/LaunchScreen.storyboard; sourceTree = "<group>"; };
		7E1C8FDB2492BF9700BDD008 /* Info.plist */ = {isa = PBXFileReference; lastKnownFileType = text.plist.xml; path = Info.plist; sourceTree = "<group>"; };
		7E1C8FE12492C1C100BDD008 /* EmojiArtDocument.swift */ = {isa = PBXFileReference; lastKnownFileType = sourcecode.swift; path = EmojiArtDocument.swift; sourceTree = "<group>"; };
		7E1C8FE32492C79400BDD008 /* EmojiArt.swift */ = {isa = PBXFileReference; lastKnownFileType = sourcecode.swift; path = EmojiArt.swift; sourceTree = "<group>"; };
		7E1C8FE52492CA8E00BDD008 /* EmojiArtExtensions.swift */ = {isa = PBXFileReference; fileEncoding = 4; lastKnownFileType = sourcecode.swift; path = EmojiArtExtensions.swift; sourceTree = "<group>"; };
		7E7492EB249693FB00570C78 /* OptionalImage.swift */ = {isa = PBXFileReference; lastKnownFileType = sourcecode.swift; path = OptionalImage.swift; sourceTree = "<group>"; };
		7E7492ED249696A800570C78 /* AnimatableSystemFontModifier.swift */ = {isa = PBXFileReference; fileEncoding = 4; lastKnownFileType = sourcecode.swift; path = AnimatableSystemFontModifier.swift; sourceTree = "<group>"; };
		7E9F25C824A53FD5000B17FB /* EditableText.swift */ = {isa = PBXFileReference; fileEncoding = 4; lastKnownFileType = sourcecode.swift; path = EditableText.swift; sourceTree = "<group>"; };
		7EC369DB24A3F1AD00659785 /* Spinning.swift */ = {isa = PBXFileReference; lastKnownFileType = sourcecode.swift; path = Spinning.swift; sourceTree = "<group>"; };
		7EC369DD24A3F69000659785 /* PaletteChooser.swift */ = {isa = PBXFileReference; lastKnownFileType = sourcecode.swift; path = PaletteChooser.swift; sourceTree = "<group>"; };
		7EC369DF24A3F81500659785 /* EmojiArtDocument+Palette.swift */ = {isa = PBXFileReference; fileEncoding = 4; lastKnownFileType = sourcecode.swift; path = "EmojiArtDocument+Palette.swift"; sourceTree = "<group>"; };
		7ED4271224A4EAC50055559C /* GridLayout.swift */ = {isa = PBXFileReference; fileEncoding = 4; lastKnownFileType = sourcecode.swift; name = GridLayout.swift; path = "../../../../Downloads/EmojiArt L10/EmojiArt/GridLayout.swift"; sourceTree = "<group>"; };
		7ED4271324A4EAC50055559C /* Grid.swift */ = {isa = PBXFileReference; fileEncoding = 4; lastKnownFileType = sourcecode.swift; name = Grid.swift; path = "../../../../Downloads/EmojiArt L10/EmojiArt/Grid.swift"; sourceTree = "<group>"; };
		7ED4271624A4EEF50055559C /* EmojiArtDocumentStore.swift */ = {isa = PBXFileReference; fileEncoding = 4; lastKnownFileType = sourcecode.swift; path = EmojiArtDocumentStore.swift; sourceTree = "<group>"; };
		7ED4271824A4F4C90055559C /* EmojiArtDocumentChooser.swift */ = {isa = PBXFileReference; lastKnownFileType = sourcecode.swift; path = EmojiArtDocumentChooser.swift; sourceTree = "<group>"; };
/* End PBXFileReference section */

/* Begin PBXFrameworksBuildPhase section */
		7E1C8FC72492BF9200BDD008 /* Frameworks */ = {
			isa = PBXFrameworksBuildPhase;
			buildActionMask = 2147483647;
			files = (
			);
			runOnlyForDeploymentPostprocessing = 0;
		};
/* End PBXFrameworksBuildPhase section */

/* Begin PBXGroup section */
		7E1C8FC12492BF9200BDD008 = {
			isa = PBXGroup;
			children = (
				7E1C8FCC2492BF9200BDD008 /* EmojiArt */,
				7E1C8FCB2492BF9200BDD008 /* Products */,
			);
			sourceTree = "<group>";
		};
		7E1C8FCB2492BF9200BDD008 /* Products */ = {
			isa = PBXGroup;
			children = (
				7E1C8FCA2492BF9200BDD008 /* Emoji Art.app */,
			);
			name = Products;
			sourceTree = "<group>";
		};
		7E1C8FCC2492BF9200BDD008 /* EmojiArt */ = {
			isa = PBXGroup;
			children = (
				7E1C8FCD2492BF9200BDD008 /* AppDelegate.swift */,
				7E1C8FD32492BF9700BDD008 /* Assets.xcassets */,
				7E1C8FE32492C79400BDD008 /* EmojiArt.swift */,
				7E1C8FE12492C1C100BDD008 /* EmojiArtDocument.swift */,
				7EC369DD24A3F69000659785 /* PaletteChooser.swift */,
				7E1C8FD12492BF9200BDD008 /* EmojiArtDocumentView.swift */,
				7EC369DF24A3F81500659785 /* EmojiArtDocument+Palette.swift */,
				7ED4271624A4EEF50055559C /* EmojiArtDocumentStore.swift */,
				7ED4271824A4F4C90055559C /* EmojiArtDocumentChooser.swift */,
				7EC369DB24A3F1AD00659785 /* Spinning.swift */,
				7E7492EB249693FB00570C78 /* OptionalImage.swift */,
				7E1C8FE52492CA8E00BDD008 /* EmojiArtExtensions.swift */,
				7E7492ED249696A800570C78 /* AnimatableSystemFontModifier.swift */,
				7E1C8FDB2492BF9700BDD008 /* Info.plist */,
				7E1C8FD82492BF9700BDD008 /* LaunchScreen.storyboard */,
				7ED4271324A4EAC50055559C /* Grid.swift */,
				7ED4271224A4EAC50055559C /* GridLayout.swift */,
				7E9F25C824A53FD5000B17FB /* EditableText.swift */,
				7E1C8FD52492BF9700BDD008 /* Preview Content */,
				7E1C8FCF2492BF9200BDD008 /* SceneDelegate.swift */,
			);
			path = EmojiArt;
			sourceTree = "<group>";
		};
		7E1C8FD52492BF9700BDD008 /* Preview Content */ = {
			isa = PBXGroup;
			children = (
				7E1C8FD62492BF9700BDD008 /* Preview Assets.xcassets */,
			);
			path = "Preview Content";
			sourceTree = "<group>";
		};
/* End PBXGroup section */

/* Begin PBXNativeTarget section */
		7E1C8FC92492BF9200BDD008 /* EmojiArt */ = {
			isa = PBXNativeTarget;
			buildConfigurationList = 7E1C8FDE2492BF9700BDD008 /* Build configuration list for PBXNativeTarget "EmojiArt" */;
			buildPhases = (
				7E1C8FC62492BF9200BDD008 /* Sources */,
				7E1C8FC72492BF9200BDD008 /* Frameworks */,
				7E1C8FC82492BF9200BDD008 /* Resources */,
			);
			buildRules = (
			);
			dependencies = (
			);
			name = EmojiArt;
			productName = EmojiArt;
			productReference = 7E1C8FCA2492BF9200BDD008 /* Emoji Art.app */;
			productType = "com.apple.product-type.application";
		};
/* End PBXNativeTarget section */

/* Begin PBXProject section */
		7E1C8FC22492BF9200BDD008 /* Project object */ = {
			isa = PBXProject;
			attributes = {
				LastSwiftUpdateCheck = 1150;
				LastUpgradeCheck = 1150;
				ORGANIZATIONNAME = "Michael Richardson";
				TargetAttributes = {
					7E1C8FC92492BF9200BDD008 = {
						CreatedOnToolsVersion = 11.5;
					};
				};
			};
			buildConfigurationList = 7E1C8FC52492BF9200BDD008 /* Build configuration list for PBXProject "EmojiArt" */;
			compatibilityVersion = "Xcode 9.3";
			developmentRegion = en;
			hasScannedForEncodings = 0;
			knownRegions = (
				en,
				Base,
			);
			mainGroup = 7E1C8FC12492BF9200BDD008;
			productRefGroup = 7E1C8FCB2492BF9200BDD008 /* Products */;
			projectDirPath = "";
			projectRoot = "";
			targets = (
				7E1C8FC92492BF9200BDD008 /* EmojiArt */,
			);
		};
/* End PBXProject section */

/* Begin PBXResourcesBuildPhase section */
		7E1C8FC82492BF9200BDD008 /* Resources */ = {
			isa = PBXResourcesBuildPhase;
			buildActionMask = 2147483647;
			files = (
				7E1C8FDA2492BF9700BDD008 /* LaunchScreen.storyboard in Resources */,
				7E1C8FD72492BF9700BDD008 /* Preview Assets.xcassets in Resources */,
				7E1C8FD42492BF9700BDD008 /* Assets.xcassets in Resources */,
			);
			runOnlyForDeploymentPostprocessing = 0;
		};
/* End PBXResourcesBuildPhase section */

/* Begin PBXSourcesBuildPhase section */
		7E1C8FC62492BF9200BDD008 /* Sources */ = {
			isa = PBXSourcesBuildPhase;
			buildActionMask = 2147483647;
			files = (
				7EC369E024A3F81500659785 /* EmojiArtDocument+Palette.swift in Sources */,
				7E1C8FCE2492BF9200BDD008 /* AppDelegate.swift in Sources */,
				7E1C8FD02492BF9200BDD008 /* SceneDelegate.swift in Sources */,
				7ED4271424A4EAC50055559C /* GridLayout.swift in Sources */,
				7E1C8FE62492CA8E00BDD008 /* EmojiArtExtensions.swift in Sources */,
				7E1C8FE42492C79400BDD008 /* EmojiArt.swift in Sources */,
				7E1C8FD22492BF9200BDD008 /* EmojiArtDocumentView.swift in Sources */,
				7ED4271524A4EAC50055559C /* Grid.swift in Sources */,
				7E7492EC249693FB00570C78 /* OptionalImage.swift in Sources */,
				7ED4271724A4EEF50055559C /* EmojiArtDocumentStore.swift in Sources */,
				7EC369DC24A3F1AD00659785 /* Spinning.swift in Sources */,
				7ED4271924A4F4C90055559C /* EmojiArtDocumentChooser.swift in Sources */,
				7E9F25C924A53FD5000B17FB /* EditableText.swift in Sources */,
				7E7492EE249696A800570C78 /* AnimatableSystemFontModifier.swift in Sources */,
				7E1C8FE22492C1C100BDD008 /* EmojiArtDocument.swift in Sources */,
				7EC369DE24A3F69000659785 /* PaletteChooser.swift in Sources */,
			);
			runOnlyForDeploymentPostprocessing = 0;
		};
/* End PBXSourcesBuildPhase section */

/* Begin PBXVariantGroup section */
		7E1C8FD82492BF9700BDD008 /* LaunchScreen.storyboard */ = {
			isa = PBXVariantGroup;
			children = (
				7E1C8FD92492BF9700BDD008 /* Base */,
			);
			name = LaunchScreen.storyboard;
			sourceTree = "<group>";
		};
/* End PBXVariantGroup section */

/* Begin XCBuildConfiguration section */
		7E1C8FDC2492BF9700BDD008 /* Debug */ = {
			isa = XCBuildConfiguration;
			buildSettings = {
				ALWAYS_SEARCH_USER_PATHS = NO;
				CLANG_ANALYZER_NONNULL = YES;
				CLANG_ANALYZER_NUMBER_OBJECT_CONVERSION = YES_AGGRESSIVE;
				CLANG_CXX_LANGUAGE_STANDARD = "gnu++14";
				CLANG_CXX_LIBRARY = "libc++";
				CLANG_ENABLE_MODULES = YES;
				CLANG_ENABLE_OBJC_ARC = YES;
				CLANG_ENABLE_OBJC_WEAK = YES;
				CLANG_WARN_BLOCK_CAPTURE_AUTORELEASING = YES;
				CLANG_WARN_BOOL_CONVERSION = YES;
				CLANG_WARN_COMMA = YES;
				CLANG_WARN_CONSTANT_CONVERSION = YES;
				CLANG_WARN_DEPRECATED_OBJC_IMPLEMENTATIONS = YES;
				CLANG_WARN_DIRECT_OBJC_ISA_USAGE = YES_ERROR;
				CLANG_WARN_DOCUMENTATION_COMMENTS = YES;
				CLANG_WARN_EMPTY_BODY = YES;
				CLANG_WARN_ENUM_CONVERSION = YES;
				CLANG_WARN_INFINITE_RECURSION = YES;
				CLANG_WARN_INT_CONVERSION = YES;
				CLANG_WARN_NON_LITERAL_NULL_CONVERSION = YES;
				CLANG_WARN_OBJC_IMPLICIT_RETAIN_SELF = YES;
				CLANG_WARN_OBJC_LITERAL_CONVERSION = YES;
				CLANG_WARN_OBJC_ROOT_CLASS = YES_ERROR;
				CLANG_WARN_RANGE_LOOP_ANALYSIS = YES;
				CLANG_WARN_STRICT_PROTOTYPES = YES;
				CLANG_WARN_SUSPICIOUS_MOVE = YES;
				CLANG_WARN_UNGUARDED_AVAILABILITY = YES_AGGRESSIVE;
				CLANG_WARN_UNREACHABLE_CODE = YES;
				CLANG_WARN__DUPLICATE_METHOD_MATCH = YES;
				COPY_PHASE_STRIP = NO;
				DEBUG_INFORMATION_FORMAT = dwarf;
				ENABLE_STRICT_OBJC_MSGSEND = YES;
				ENABLE_TESTABILITY = YES;
				GCC_C_LANGUAGE_STANDARD = gnu11;
				GCC_DYNAMIC_NO_PIC = NO;
				GCC_NO_COMMON_BLOCKS = YES;
				GCC_OPTIMIZATION_LEVEL = 0;
				GCC_PREPROCESSOR_DEFINITIONS = (
					"DEBUG=1",
					"$(inherited)",
				);
				GCC_WARN_64_TO_32_BIT_CONVERSION = YES;
				GCC_WARN_ABOUT_RETURN_TYPE = YES_ERROR;
				GCC_WARN_UNDECLARED_SELECTOR = YES;
				GCC_WARN_UNINITIALIZED_AUTOS = YES_AGGRESSIVE;
				GCC_WARN_UNUSED_FUNCTION = YES;
				GCC_WARN_UNUSED_VARIABLE = YES;
				IPHONEOS_DEPLOYMENT_TARGET = 13.5;
				MTL_ENABLE_DEBUG_INFO = INCLUDE_SOURCE;
				MTL_FAST_MATH = YES;
				ONLY_ACTIVE_ARCH = YES;
				SDKROOT = iphoneos;
				SWIFT_ACTIVE_COMPILATION_CONDITIONS = DEBUG;
				SWIFT_OPTIMIZATION_LEVEL = "-Onone";
			};
			name = Debug;
		};
		7E1C8FDD2492BF9700BDD008 /* Release */ = {
			isa = XCBuildConfiguration;
			buildSettings = {
				ALWAYS_SEARCH_USER_PATHS = NO;
				CLANG_ANALYZER_NONNULL = YES;
				CLANG_ANALYZER_NUMBER_OBJECT_CONVERSION = YES_AGGRESSIVE;
				CLANG_CXX_LANGUAGE_STANDARD = "gnu++14";
				CLANG_CXX_LIBRARY = "libc++";
				CLANG_ENABLE_MODULES = YES;
				CLANG_ENABLE_OBJC_ARC = YES;
				CLANG_ENABLE_OBJC_WEAK = YES;
				CLANG_WARN_BLOCK_CAPTURE_AUTORELEASING = YES;
				CLANG_WARN_BOOL_CONVERSION = YES;
				CLANG_WARN_COMMA = YES;
				CLANG_WARN_CONSTANT_CONVERSION = YES;
				CLANG_WARN_DEPRECATED_OBJC_IMPLEMENTATIONS = YES;
				CLANG_WARN_DIRECT_OBJC_ISA_USAGE = YES_ERROR;
				CLANG_WARN_DOCUMENTATION_COMMENTS = YES;
				CLANG_WARN_EMPTY_BODY = YES;
				CLANG_WARN_ENUM_CONVERSION = YES;
				CLANG_WARN_INFINITE_RECURSION = YES;
				CLANG_WARN_INT_CONVERSION = YES;
				CLANG_WARN_NON_LITERAL_NULL_CONVERSION = YES;
				CLANG_WARN_OBJC_IMPLICIT_RETAIN_SELF = YES;
				CLANG_WARN_OBJC_LITERAL_CONVERSION = YES;
				CLANG_WARN_OBJC_ROOT_CLASS = YES_ERROR;
				CLANG_WARN_RANGE_LOOP_ANALYSIS = YES;
				CLANG_WARN_STRICT_PROTOTYPES = YES;
				CLANG_WARN_SUSPICIOUS_MOVE = YES;
				CLANG_WARN_UNGUARDED_AVAILABILITY = YES_AGGRESSIVE;
				CLANG_WARN_UNREACHABLE_CODE = YES;
				CLANG_WARN__DUPLICATE_METHOD_MATCH = YES;
				COPY_PHASE_STRIP = NO;
				DEBUG_INFORMATION_FORMAT = "dwarf-with-dsym";
				ENABLE_NS_ASSERTIONS = NO;
				ENABLE_STRICT_OBJC_MSGSEND = YES;
				GCC_C_LANGUAGE_STANDARD = gnu11;
				GCC_NO_COMMON_BLOCKS = YES;
				GCC_WARN_64_TO_32_BIT_CONVERSION = YES;
				GCC_WARN_ABOUT_RETURN_TYPE = YES_ERROR;
				GCC_WARN_UNDECLARED_SELECTOR = YES;
				GCC_WARN_UNINITIALIZED_AUTOS = YES_AGGRESSIVE;
				GCC_WARN_UNUSED_FUNCTION = YES;
				GCC_WARN_UNUSED_VARIABLE = YES;
				IPHONEOS_DEPLOYMENT_TARGET = 13.5;
				MTL_ENABLE_DEBUG_INFO = NO;
				MTL_FAST_MATH = YES;
				SDKROOT = iphoneos;
				SWIFT_COMPILATION_MODE = wholemodule;
				SWIFT_OPTIMIZATION_LEVEL = "-O";
				VALIDATE_PRODUCT = YES;
			};
			name = Release;
		};
		7E1C8FDF2492BF9700BDD008 /* Debug */ = {
			isa = XCBuildConfiguration;
			buildSettings = {
				ASSETCATALOG_COMPILER_APPICON_NAME = AppIcon;
				CODE_SIGN_STYLE = Automatic;
				DEVELOPMENT_ASSET_PATHS = "\"EmojiArt/Preview Content\"";
				DEVELOPMENT_TEAM = 8N9TLFBLG7;
				ENABLE_PREVIEWS = YES;
				INFOPLIST_FILE = EmojiArt/Info.plist;
				LD_RUNPATH_SEARCH_PATHS = (
					"$(inherited)",
					"@executable_path/Frameworks",
				);
				PRODUCT_BUNDLE_IDENTIFIER = com.trilo.development.EmojiArt;
				PRODUCT_NAME = "Emoji Art";
				SWIFT_VERSION = 5.0;
				TARGETED_DEVICE_FAMILY = "1,2";
			};
			name = Debug;
		};
		7E1C8FE02492BF9700BDD008 /* Release */ = {
			isa = XCBuildConfiguration;
			buildSettings = {
				ASSETCATALOG_COMPILER_APPICON_NAME = AppIcon;
				CODE_SIGN_STYLE = Automatic;
				DEVELOPMENT_ASSET_PATHS = "\"EmojiArt/Preview Content\"";
				DEVELOPMENT_TEAM = 8N9TLFBLG7;
				ENABLE_PREVIEWS = YES;
				INFOPLIST_FILE = EmojiArt/Info.plist;
				LD_RUNPATH_SEARCH_PATHS = (
					"$(inherited)",
					"@executable_path/Frameworks",
				);
				PRODUCT_BUNDLE_IDENTIFIER = com.trilo.development.EmojiArt;
				PRODUCT_NAME = "Emoji Art";
				SWIFT_VERSION = 5.0;
				TARGETED_DEVICE_FAMILY = "1,2";
			};
			name = Release;
		};
/* End XCBuildConfiguration section */

/* Begin XCConfigurationList section */
		7E1C8FC52492BF9200BDD008 /* Build configuration list for PBXProject "EmojiArt" */ = {
			isa = XCConfigurationList;
			buildConfigurations = (
				7E1C8FDC2492BF9700BDD008 /* Debug */,
				7E1C8FDD2492BF9700BDD008 /* Release */,
			);
			defaultConfigurationIsVisible = 0;
			defaultConfigurationName = Release;
		};
		7E1C8FDE2492BF9700BDD008 /* Build configuration list for PBXNativeTarget "EmojiArt" */ = {
			isa = XCConfigurationList;
			buildConfigurations = (
				7E1C8FDF2492BF9700BDD008 /* Debug */,
				7E1C8FE02492BF9700BDD008 /* Release */,
			);
			defaultConfigurationIsVisible = 0;
			defaultConfigurationName = Release;
		};
/* End XCConfigurationList section */
	};
	rootObject = 7E1C8FC22492BF9200BDD008 /* Project object */;
}
